
Microsoft Visual Studio Solution File, Format Version 12.00
# Visual Studio Version 17
VisualStudioVersion = 17.6.33829.357
MinimumVisualStudioVersion = 10.0.40219.1
Project("{FAE04EC0-301F-11D3-BF4B-00C04F79EFBC}") = "SunPayments.API", "SunPayments.API\SunPayments.API.csproj", "{DEA62D6B-ABE0-439C-91A5-AB2AA231D661}"
EndProject
Global
	GlobalSection(SolutionConfigurationPlatforms) = preSolution
		Debug|Any CPU = Debug|Any CPU
		Release|Any CPU = Release|Any CPU
	EndGlobalSection
	GlobalSection(ProjectConfigurationPlatforms) = postSolution
		{DEA62D6B-ABE0-439C-91A5-AB2AA231D661}.Debug|Any CPU.ActiveCfg = Debug|Any CPU
		{DEA62D6B-ABE0-439C-91A5-AB2AA231D661}.Debug|Any CPU.Build.0 = Debug|Any CPU
		{DEA62D6B-ABE0-439C-91A5-AB2AA231D661}.Release|Any CPU.ActiveCfg = Release|Any CPU
		{DEA62D6B-ABE0-439C-91A5-AB2AA231D661}.Release|Any CPU.Build.0 = Release|Any CPU
	EndGlobalSection
	GlobalSection(SolutionProperties) = preSolution
		HideSolutionNode = FALSE
	EndGlobalSection
	GlobalSection(ExtensibilityGlobals) = postSolution
		SolutionGuid = {72DBE191-8C28-4A5C-A563-F64007D5D0F7}
	EndGlobalSection
EndGlobal
